[[package]]
name = "eosio"
version = "0.1.0"
dependencies = [
 "eosio_macros 0.1.0",
 "eosio_sys 0.1.0",
 "eosio_types 0.1.0",
]

[[package]]
name = "eosio_abi"
version = "0.1.0"

[[package]]
name = "eosio_api"
version = "0.1.0"
dependencies = [
 "eosio_types 0.1.0",
]

[[package]]
name = "eosio_macros"
version = "0.1.0"
dependencies = [
 "eosio_sys 0.1.0",
 "eosio_types 0.1.0",
 "proc-macro2 0.4.19 (registry+https://github.com/rust-lang/crates.io-index)",
 "syn 0.15.4 (registry+https://github.com/rust-lang/crates.io-index)",
]

[[package]]
name = "eosio_sys"
version = "0.1.0"

[[package]]
name = "eosio_types"
version = "0.1.0"

[[package]]
name = "hello"
version = "0.1.0"
dependencies = [
 "eosio 0.1.0",
]

[[package]]
name = "proc-macro2"
version = "0.4.19"
source = "registry+https://github.com/rust-lang/crates.io-index"
dependencies = [
 "unicode-xid 0.1.0 (registry+https://github.com/rust-lang/crates.io-index)",
]

[[package]]
name = "quote"
version = "0.6.8"
source = "registry+https://github.com/rust-lang/crates.io-index"
dependencies = [
 "proc-macro2 0.4.19 (registry+https://github.com/rust-lang/crates.io-index)",
]

[[package]]
name = "syn"
version = "0.15.4"
source = "registry+https://github.com/rust-lang/crates.io-index"
dependencies = [
 "proc-macro2 0.4.19 (registry+https://github.com/rust-lang/crates.io-index)",
 "quote 0.6.8 (registry+https://github.com/rust-lang/crates.io-index)",
 "unicode-xid 0.1.0 (registry+https://github.com/rust-lang/crates.io-index)",
]

[[package]]
name = "tic_tac_toe"
version = "0.1.0"
dependencies = [
 "eosio 0.1.0",
]

[[package]]
name = "unicode-xid"
version = "0.1.0"
source = "registry+https://github.com/rust-lang/crates.io-index"

[metadata]
"checksum proc-macro2 0.4.19 (registry+https://github.com/rust-lang/crates.io-index)" = "ffe022fb8c8bd254524b0b3305906c1921fa37a84a644e29079a9e62200c3901"
"checksum quote 0.6.8 (registry+https://github.com/rust-lang/crates.io-index)" = "dd636425967c33af890042c483632d33fa7a18f19ad1d7ea72e8998c6ef8dea5"
"checksum syn 0.15.4 (registry+https://github.com/rust-lang/crates.io-index)" = "9056ebe7f2d6a38bc63171816fd1d3430da5a43896de21676dc5c0a4b8274a11"
"checksum unicode-xid 0.1.0 (registry+https://github.com/rust-lang/crates.io-index)" = "fc72304796d0818e357ead4e000d19c9c174ab23dc11093ac919054d20a6a7fc"
