[[package]]
name = "cfg-if"
version = "0.1.5"
source = "registry+https://github.com/rust-lang/crates.io-index"

[[package]]
name = "eosio"
version = "0.1.0"
dependencies = [
 "eosio_macros 0.1.0",
 "eosio_sys 0.1.0",
 "eosio_types 0.1.0",
 "wee_alloc 0.4.2 (registry+https://github.com/rust-lang/crates.io-index)",
]

[[package]]
name = "eosio_macros"
version = "0.1.0"
dependencies = [
 "eosio_sys 0.1.0",
 "eosio_types 0.1.0",
 "proc-macro2 0.4.19 (registry+https://github.com/rust-lang/crates.io-index)",
 "quote 0.6.8 (registry+https://github.com/rust-lang/crates.io-index)",
 "syn 0.15.4 (registry+https://github.com/rust-lang/crates.io-index)",
]

[[package]]
name = "eosio_sys"
version = "0.1.0"
dependencies = [
 "memchr 2.0.2 (registry+https://github.com/rust-lang/crates.io-index)",
]

[[package]]
name = "eosio_types"
version = "0.1.0"

[[package]]
name = "hello"
version = "0.1.0"
dependencies = [
 "eosio 0.1.0",
]

[[package]]
name = "libc"
version = "0.2.43"
source = "registry+https://github.com/rust-lang/crates.io-index"

[[package]]
name = "memchr"
version = "2.0.2"
source = "registry+https://github.com/rust-lang/crates.io-index"

[[package]]
name = "memory_units"
version = "0.4.0"
source = "registry+https://github.com/rust-lang/crates.io-index"

[[package]]
name = "proc-macro2"
version = "0.4.19"
source = "registry+https://github.com/rust-lang/crates.io-index"
dependencies = [
 "unicode-xid 0.1.0 (registry+https://github.com/rust-lang/crates.io-index)",
]

[[package]]
name = "quote"
version = "0.6.8"
source = "registry+https://github.com/rust-lang/crates.io-index"
dependencies = [
 "proc-macro2 0.4.19 (registry+https://github.com/rust-lang/crates.io-index)",
]

[[package]]
name = "syn"
version = "0.15.4"
source = "registry+https://github.com/rust-lang/crates.io-index"
dependencies = [
 "proc-macro2 0.4.19 (registry+https://github.com/rust-lang/crates.io-index)",
 "quote 0.6.8 (registry+https://github.com/rust-lang/crates.io-index)",
 "unicode-xid 0.1.0 (registry+https://github.com/rust-lang/crates.io-index)",
]

[[package]]
name = "tictactoe"
version = "0.1.0"
dependencies = [
 "eosio 0.1.0",
]

[[package]]
name = "unicode-xid"
version = "0.1.0"
source = "registry+https://github.com/rust-lang/crates.io-index"

[[package]]
name = "unreachable"
version = "1.0.0"
source = "registry+https://github.com/rust-lang/crates.io-index"
dependencies = [
 "void 1.0.2 (registry+https://github.com/rust-lang/crates.io-index)",
]

[[package]]
name = "void"
version = "1.0.2"
source = "registry+https://github.com/rust-lang/crates.io-index"

[[package]]
name = "wee_alloc"
version = "0.4.2"
source = "registry+https://github.com/rust-lang/crates.io-index"
dependencies = [
 "cfg-if 0.1.5 (registry+https://github.com/rust-lang/crates.io-index)",
 "libc 0.2.43 (registry+https://github.com/rust-lang/crates.io-index)",
 "memory_units 0.4.0 (registry+https://github.com/rust-lang/crates.io-index)",
 "unreachable 1.0.0 (registry+https://github.com/rust-lang/crates.io-index)",
 "winapi 0.3.5 (registry+https://github.com/rust-lang/crates.io-index)",
]

[[package]]
name = "winapi"
version = "0.3.5"
source = "registry+https://github.com/rust-lang/crates.io-index"
dependencies = [
 "winapi-i686-pc-windows-gnu 0.4.0 (registry+https://github.com/rust-lang/crates.io-index)",
 "winapi-x86_64-pc-windows-gnu 0.4.0 (registry+https://github.com/rust-lang/crates.io-index)",
]

[[package]]
name = "winapi-i686-pc-windows-gnu"
version = "0.4.0"
source = "registry+https://github.com/rust-lang/crates.io-index"

[[package]]
name = "winapi-x86_64-pc-windows-gnu"
version = "0.4.0"
source = "registry+https://github.com/rust-lang/crates.io-index"

[metadata]
"checksum cfg-if 0.1.5 (registry+https://github.com/rust-lang/crates.io-index)" = "0c4e7bb64a8ebb0d856483e1e682ea3422f883c5f5615a90d51a2c82fe87fdd3"
"checksum libc 0.2.43 (registry+https://github.com/rust-lang/crates.io-index)" = "76e3a3ef172f1a0b9a9ff0dd1491ae5e6c948b94479a3021819ba7d860c8645d"
"checksum memchr 2.0.2 (registry+https://github.com/rust-lang/crates.io-index)" = "a3b4142ab8738a78c51896f704f83c11df047ff1bda9a92a661aa6361552d93d"
"checksum memory_units 0.4.0 (registry+https://github.com/rust-lang/crates.io-index)" = "8452105ba047068f40ff7093dd1d9da90898e63dd61736462e9cdda6a90ad3c3"
"checksum proc-macro2 0.4.19 (registry+https://github.com/rust-lang/crates.io-index)" = "ffe022fb8c8bd254524b0b3305906c1921fa37a84a644e29079a9e62200c3901"
"checksum quote 0.6.8 (registry+https://github.com/rust-lang/crates.io-index)" = "dd636425967c33af890042c483632d33fa7a18f19ad1d7ea72e8998c6ef8dea5"
"checksum syn 0.15.4 (registry+https://github.com/rust-lang/crates.io-index)" = "9056ebe7f2d6a38bc63171816fd1d3430da5a43896de21676dc5c0a4b8274a11"
"checksum unicode-xid 0.1.0 (registry+https://github.com/rust-lang/crates.io-index)" = "fc72304796d0818e357ead4e000d19c9c174ab23dc11093ac919054d20a6a7fc"
"checksum unreachable 1.0.0 (registry+https://github.com/rust-lang/crates.io-index)" = "382810877fe448991dfc7f0dd6e3ae5d58088fd0ea5e35189655f84e6814fa56"
"checksum void 1.0.2 (registry+https://github.com/rust-lang/crates.io-index)" = "6a02e4885ed3bc0f2de90ea6dd45ebcbb66dacffe03547fadbb0eeae2770887d"
"checksum wee_alloc 0.4.2 (registry+https://github.com/rust-lang/crates.io-index)" = "27875be1daf838fa18f3e94fd19fd12638e34615b42f56da2610c8f46be80cc6"
"checksum winapi 0.3.5 (registry+https://github.com/rust-lang/crates.io-index)" = "773ef9dcc5f24b7d850d0ff101e542ff24c3b090a9768e03ff889fdef41f00fd"
"checksum winapi-i686-pc-windows-gnu 0.4.0 (registry+https://github.com/rust-lang/crates.io-index)" = "ac3b87c63620426dd9b991e5ce0329eff545bccbbb34f3be09ff6fb6ab51b7b6"
"checksum winapi-x86_64-pc-windows-gnu 0.4.0 (registry+https://github.com/rust-lang/crates.io-index)" = "712e227841d057c1ee1cd2fb22fa7e5a5461ae8e48fa2ca79ec42cfc1931183f"
